
Microsoft Visual Studio Solution File, Format Version 12.00
# Visual Studio Version 16
VisualStudioVersion = 16.0.30503.244
MinimumVisualStudioVersion = 10.0.40219.1
Project("{FAE04EC0-301F-11D3-BF4B-00C04F79EFBC}") = "A2MinByoungukP2", "A2MinByoungukP2\A2MinByoungukP2.csproj", "{8B0A5756-EA7B-47EF-882E-012C987F2A38}"
EndProject
Global
	GlobalSection(SolutionConfigurationPlatforms) = preSolution
		Debug|Any CPU = Debug|Any CPU
		Release|Any CPU = Release|Any CPU
	EndGlobalSection
	GlobalSection(ProjectConfigurationPlatforms) = postSolution
		{8B0A5756-EA7B-47EF-882E-012C987F2A38}.Debug|Any CPU.ActiveCfg = Debug|Any CPU
		{8B0A5756-EA7B-47EF-882E-012C987F2A38}.Debug|Any CPU.Build.0 = Debug|Any CPU
		{8B0A5756-EA7B-47EF-882E-012C987F2A38}.Release|Any CPU.ActiveCfg = Release|Any CPU
		{8B0A5756-EA7B-47EF-882E-012C987F2A38}.Release|Any CPU.Build.0 = Release|Any CPU
	EndGlobalSection
	GlobalSection(SolutionProperties) = preSolution
		HideSolutionNode = FALSE
	EndGlobalSection
	GlobalSection(ExtensibilityGlobals) = postSolution
		SolutionGuid = {0FBAD50D-038E-4B44-A23F-31867FB7A0BE}
	EndGlobalSection
EndGlobal
